
Microsoft Visual Studio Solution File, Format Version 12.00
# Visual Studio Version 17
VisualStudioVersion = 17.0.31903.59
MinimumVisualStudioVersion = 10.0.40219.1
Project("{FAE04EC0-301F-11D3-BF4B-00C04F79EFBC}") = "TrainingDatabaseInterface.App", "TrainingDatabaseInterface.App\TrainingDatabaseInterface.App.csproj", "{C7959E5D-3CC3-4277-8445-0E0AFD41BDCC}"
EndProject
Project("{FAE04EC0-301F-11D3-BF4B-00C04F79EFBC}") = "TrainingDatabaseInterface.Core", "TrainingDatabaseInterface.Core\TrainingDatabaseInterface.Core.csproj", "{462FFF67-B2DF-46F2-848F-9C83E95CA828}"
EndProject
Project("{FAE04EC0-301F-11D3-BF4B-00C04F79EFBC}") = "TrainingDatabaseInterface.Data", "TrainingDatabaseInterface.Data\TrainingDatabaseInterface.Data.csproj", "{B1465CAB-5F39-4BFC-B3C1-351AFE368F86}"
EndProject
Global
	GlobalSection(SolutionConfigurationPlatforms) = preSolution
		Debug|Any CPU = Debug|Any CPU
		Release|Any CPU = Release|Any CPU
	EndGlobalSection
	GlobalSection(SolutionProperties) = preSolution
		HideSolutionNode = FALSE
	EndGlobalSection
	GlobalSection(ProjectConfigurationPlatforms) = postSolution
		{C7959E5D-3CC3-4277-8445-0E0AFD41BDCC}.Debug|Any CPU.ActiveCfg = Debug|Any CPU
		{C7959E5D-3CC3-4277-8445-0E0AFD41BDCC}.Debug|Any CPU.Build.0 = Debug|Any CPU
		{C7959E5D-3CC3-4277-8445-0E0AFD41BDCC}.Release|Any CPU.ActiveCfg = Release|Any CPU
		{C7959E5D-3CC3-4277-8445-0E0AFD41BDCC}.Release|Any CPU.Build.0 = Release|Any CPU
		{462FFF67-B2DF-46F2-848F-9C83E95CA828}.Debug|Any CPU.ActiveCfg = Debug|Any CPU
		{462FFF67-B2DF-46F2-848F-9C83E95CA828}.Debug|Any CPU.Build.0 = Debug|Any CPU
		{462FFF67-B2DF-46F2-848F-9C83E95CA828}.Release|Any CPU.ActiveCfg = Release|Any CPU
		{462FFF67-B2DF-46F2-848F-9C83E95CA828}.Release|Any CPU.Build.0 = Release|Any CPU
		{B1465CAB-5F39-4BFC-B3C1-351AFE368F86}.Debug|Any CPU.ActiveCfg = Debug|Any CPU
		{B1465CAB-5F39-4BFC-B3C1-351AFE368F86}.Debug|Any CPU.Build.0 = Debug|Any CPU
		{B1465CAB-5F39-4BFC-B3C1-351AFE368F86}.Release|Any CPU.ActiveCfg = Release|Any CPU
		{B1465CAB-5F39-4BFC-B3C1-351AFE368F86}.Release|Any CPU.Build.0 = Release|Any CPU
	EndGlobalSection
EndGlobal
